
Microsoft Visual Studio Solution File, Format Version 12.00
# Visual Studio Version 17
VisualStudioVersion = 17.6.33815.320
MinimumVisualStudioVersion = 10.0.40219.1
Project("{FAE04EC0-301F-11D3-BF4B-00C04F79EFBC}") = "pruebacs", "pruebacs\pruebacs.csproj", "{032A9C89-8831-4532-995E-E8E1F8EBB48D}"
EndProject
Global
	GlobalSection(SolutionConfigurationPlatforms) = preSolution
		Debug|Any CPU = Debug|Any CPU
		Release|Any CPU = Release|Any CPU
	EndGlobalSection
	GlobalSection(ProjectConfigurationPlatforms) = postSolution
		{032A9C89-8831-4532-995E-E8E1F8EBB48D}.Debug|Any CPU.ActiveCfg = Debug|Any CPU
		{032A9C89-8831-4532-995E-E8E1F8EBB48D}.Debug|Any CPU.Build.0 = Debug|Any CPU
		{032A9C89-8831-4532-995E-E8E1F8EBB48D}.Release|Any CPU.ActiveCfg = Release|Any CPU
		{032A9C89-8831-4532-995E-E8E1F8EBB48D}.Release|Any CPU.Build.0 = Release|Any CPU
	EndGlobalSection
	GlobalSection(SolutionProperties) = preSolution
		HideSolutionNode = FALSE
	EndGlobalSection
	GlobalSection(ExtensibilityGlobals) = postSolution
		SolutionGuid = {A00B412E-4C4A-4405-A726-0E55E520FD8B}
	EndGlobalSection
EndGlobal
